PODS:
  - app_links (6.4.1):
    - Flutter
  - chat_bottom_container (0.0.1):
    - Flutter
  - connectivity_plus (0.0.1):
    - Flutter
  - croppy (0.0.1):
    - Flutter
  - CwlCatchException (2.2.1):
    - CwlCatchExceptionSupport (~> 2.2.1)
  - CwlCatchExceptionSupport (2.2.1)
  - device_info_plus (0.0.1):
    - Flutter
  - DKImagePickerController/Core (4.3.9):
    - DKImagePickerController/ImageDataManager
    - DKImagePickerController/Resource
  - DKImagePickerController/ImageDataManager (4.3.9)
  - DKImagePickerController/PhotoGallery (4.3.9):
    - DKImagePickerController/Core
    - DKPhotoGallery
  - DKImagePickerController/Resource (4.3.9)
  - DKPhotoGallery (0.0.19):
    - DKPhotoGallery/Core (= 0.0.19)
    - DKPhotoGallery/Model (= 0.0.19)
    - DKPhotoGallery/Preview (= 0.0.19)
    - DKPhotoGallery/Resource (= 0.0.19)
    - SDWebImage
    - SwiftyGif
  - DKPhotoGallery/Core (0.0.19):
    - DKPhotoGallery/Model
    - DKPhotoGallery/Preview
    - SDWebImage
    - SwiftyGif
  - DKPhotoGallery/Model (0.0.19):
    - SDWebImage
    - SwiftyGif
  - DKPhotoGallery/Preview (0.0.19):
    - DKPhotoGallery/Model
    - DKPhotoGallery/Resource
    - SDWebImage
    - SwiftyGif
  - DKPhotoGallery/Resource (0.0.19):
    - SDWebImage
    - SwiftyGif
  - file_picker (0.0.1):
    - DKImagePickerController/PhotoGallery
    - Flutter
  - Flutter (1.0.0)
  - flutter_app_update (0.0.1):
    - Flutter
  - flutter_image_compress_common (1.0.0):
    - Flutter
    - Mantle
    - SDWebImage
    - SDWebImageWebPCoder
  - flutter_inappwebview_ios (0.0.1):
    - Flutter
    - flutter_inappwebview_ios/Core (= 0.0.1)
    - OrderedSet (~> 6.0.3)
  - flutter_inappwebview_ios/Core (0.0.1):
    - Flutter
    - OrderedSet (~> 6.0.3)
  - flutter_local_notifications (0.0.1):
    - Flutter
  - flutter_native_splash (2.4.3):
    - Flutter
  - fluttertoast (0.0.2):
    - Flutter
  - getuiflut (0.0.1):
    - Flutter
    - GTSDK
  - GTCommonSDK (3.2.0.0):
    - ZXSDK
  - GTSDK (3.1.0.0):
    - GTCommonSDK (> 3.0.9.0)
  - image_gallery_saver_plus (0.0.1):
    - Flutter
  - image_picker_ios (0.0.1):
    - Flutter
  - libwebp (1.5.0):
    - libwebp/demux (= 1.5.0)
    - libwebp/mux (= 1.5.0)
    - libwebp/sharpyuv (= 1.5.0)
    - libwebp/webp (= 1.5.0)
  - libwebp/demux (1.5.0):
    - libwebp/webp
  - libwebp/mux (1.5.0):
    - libwebp/demux
  - libwebp/sharpyuv (1.5.0)
  - libwebp/webp (1.5.0):
    - libwebp/sharpyuv
  - Mantle (2.2.0):
    - Mantle/extobjc (= 2.2.0)
  - Mantle/extobjc (2.2.0)
  - native_file_preview (0.0.1):
    - Flutter
  - OrderedSet (6.0.3)
  - package_info_plus (0.4.5):
    - Flutter
  - path_provider_foundation (0.0.1):
    - Flutter
    - FlutterMacOS
  - permission_handler_apple (9.3.0):
    - Flutter
  - photo_manager (3.8.3):
    - Flutter
    - FlutterMacOS
  - record_ios (1.1.0):
    - Flutter
  - SDWebImage (5.21.5):
    - SDWebImage/Core (= 5.21.5)
  - SDWebImage/Core (5.21.5)
  - SDWebImageWebPCoder (0.15.0):
    - libwebp (~> 1.0)
    - SDWebImage/Core (~> 5.17)
  - shared_preferences_foundation (0.0.1):
    - Flutter
    - FlutterMacOS
  - speech_to_text (7.2.0):
    - CwlCatchException
    - Flutter
    - FlutterMacOS
  - sqflite_darwin (0.0.4):
    - Flutter
    - FlutterMacOS
  - SwiftyGif (5.4.5)
  - url_launcher_ios (0.0.1):
    - Flutter
  - vibration (3.0.0):
    - Flutter
  - video_player_avfoundation (0.0.1):
    - Flutter
    - FlutterMacOS
  - ZXSDK (3.3.2)

DEPENDENCIES:
  - app_links (from `.symlinks/plugins/app_links/ios`)
  - chat_bottom_container (from `.symlinks/plugins/chat_bottom_container/ios`)
  - connectivity_plus (from `.symlinks/plugins/connectivity_plus/ios`)
  - croppy (from `.symlinks/plugins/croppy/ios`)
  - device_info_plus (from `.symlinks/plugins/device_info_plus/ios`)
  - file_picker (from `.symlinks/plugins/file_picker/ios`)
  - Flutter (from `Flutter`)
  - flutter_app_update (from `.symlinks/plugins/flutter_app_update/ios`)
  - flutter_image_compress_common (from `.symlinks/plugins/flutter_image_compress_common/ios`)
  - flutter_inappwebview_ios (from `.symlinks/plugins/flutter_inappwebview_ios/ios`)
  - flutter_local_notifications (from `.symlinks/plugins/flutter_local_notifications/ios`)
  - flutter_native_splash (from `.symlinks/plugins/flutter_native_splash/ios`)
  - fluttertoast (from `.symlinks/plugins/fluttertoast/ios`)
  - getuiflut (from `.symlinks/plugins/getuiflut/ios`)
  - image_gallery_saver_plus (from `.symlinks/plugins/image_gallery_saver_plus/ios`)
  - image_picker_ios (from `.symlinks/plugins/image_picker_ios/ios`)
  - native_file_preview (from `.symlinks/plugins/native_file_preview/ios`)
  - package_info_plus (from `.symlinks/plugins/package_info_plus/ios`)
  - path_provider_foundation (from `.symlinks/plugins/path_provider_foundation/darwin`)
  - permission_handler_apple (from `.symlinks/plugins/permission_handler_apple/ios`)
  - photo_manager (from `.symlinks/plugins/photo_manager/darwin`)
  - record_ios (from `.symlinks/plugins/record_ios/ios`)
  - shared_preferences_foundation (from `.symlinks/plugins/shared_preferences_foundation/darwin`)
  - speech_to_text (from `.symlinks/plugins/speech_to_text/darwin`)
  - sqflite_darwin (from `.symlinks/plugins/sqflite_darwin/darwin`)
  - url_launcher_ios (from `.symlinks/plugins/url_launcher_ios/ios`)
  - vibration (from `.symlinks/plugins/vibration/ios`)
  - video_player_avfoundation (from `.symlinks/plugins/video_player_avfoundation/darwin`)

SPEC REPOS:
  trunk:
    - CwlCatchException
    - CwlCatchExceptionSupport
    - DKImagePickerController
    - DKPhotoGallery
    - GTCommonSDK
    - GTSDK
    - libwebp
    - Mantle
    - OrderedSet
    - SDWebImage
    - SDWebImageWebPCoder
    - SwiftyGif
    - ZXSDK

EXTERNAL SOURCES:
  app_links:
    :path: ".symlinks/plugins/app_links/ios"
  chat_bottom_container:
    :path: ".symlinks/plugins/chat_bottom_container/ios"
  connectivity_plus:
    :path: ".symlinks/plugins/connectivity_plus/ios"
  croppy:
    :path: ".symlinks/plugins/croppy/ios"
  device_info_plus:
    :path: ".symlinks/plugins/device_info_plus/ios"
  file_picker:
    :path: ".symlinks/plugins/file_picker/ios"
  Flutter:
    :path: Flutter
  flutter_app_update:
    :path: ".symlinks/plugins/flutter_app_update/ios"
  flutter_image_compress_common:
    :path: ".symlinks/plugins/flutter_image_compress_common/ios"
  flutter_inappwebview_ios:
    :path: ".symlinks/plugins/flutter_inappwebview_ios/ios"
  flutter_local_notifications:
    :path: ".symlinks/plugins/flutter_local_notifications/ios"
  flutter_native_splash:
    :path: ".symlinks/plugins/flutter_native_splash/ios"
  fluttertoast:
    :path: ".symlinks/plugins/fluttertoast/ios"
  getuiflut:
    :path: ".symlinks/plugins/getuiflut/ios"
  image_gallery_saver_plus:
    :path: ".symlinks/plugins/image_gallery_saver_plus/ios"
  image_picker_ios:
    :path: ".symlinks/plugins/image_picker_ios/ios"
  native_file_preview:
    :path: ".symlinks/plugins/native_file_preview/ios"
  package_info_plus:
    :path: ".symlinks/plugins/package_info_plus/ios"
  path_provider_foundation:
    :path: ".symlinks/plugins/path_provider_foundation/darwin"
  permission_handler_apple:
    :path: ".symlinks/plugins/permission_handler_apple/ios"
  photo_manager:
    :path: ".symlinks/plugins/photo_manager/darwin"
  record_ios:
    :path: ".symlinks/plugins/record_ios/ios"
  shared_preferences_foundation:
    :path: ".symlinks/plugins/shared_preferences_foundation/darwin"
  speech_to_text:
    :path: ".symlinks/plugins/speech_to_text/darwin"
  sqflite_darwin:
    :path: ".symlinks/plugins/sqflite_darwin/darwin"
  url_launcher_ios:
    :path: ".symlinks/plugins/url_launcher_ios/ios"
  vibration:
    :path: ".symlinks/plugins/vibration/ios"
  video_player_avfoundation:
    :path: ".symlinks/plugins/video_player_avfoundation/darwin"

SPEC CHECKSUMS:
  app_links: 585674be3c6661708e6cd794ab4f39fb9d8356f9
  chat_bottom_container: d8b077152c91b0ab90001e900748ea50353a5520
  connectivity_plus: 2a701ffec2c0ae28a48cf7540e279787e77c447d
  croppy: b6199bc8d56bd2e03cc11609d1c47ad9875c1321
  CwlCatchException: 7acc161b299a6de7f0a46a6ed741eae2c8b4d75a
  CwlCatchExceptionSupport: 54ccab8d8c78907b57f99717fb19d4cc3bce02dc
  device_info_plus: bf2e3232933866d73fe290f2942f2156cdd10342
  DKImagePickerController: 946cec48c7873164274ecc4624d19e3da4c1ef3c
  DKPhotoGallery: b3834fecb755ee09a593d7c9e389d8b5d6deed60
  file_picker: b159e0c068aef54932bb15dc9fd1571818edaf49
  Flutter: cabc95a1d2626b1b06e7179b784ebcf0c0cde467
  flutter_app_update: 65f61da626cb111d1b24674abc4b01728d7723bc
  flutter_image_compress_common: ec1d45c362c9d30a3f6a0426c297f47c52007e3e
  flutter_inappwebview_ios: 6f63631e2c62a7c350263b13fa5427aedefe81d4
  flutter_local_notifications: ff50f8405aaa0ccdc7dcfb9022ca192e8ad9688f
  flutter_native_splash: df59bb2e1421aa0282cb2e95618af4dcb0c56c29
  fluttertoast: 21eecd6935e7064cc1fcb733a4c5a428f3f24f0f
  getuiflut: 8628ba2b64a738a847a07d2b67e0ac305778e2ee
  GTCommonSDK: 8f08c137a61790577ea10b2a624858619749fec9
  GTSDK: edf67f0d2c9fee263c16cd4d85a9bc6777bc3263
  image_gallery_saver_plus: 782ade975fe6a4600b53e7c1983e3a2979d1e9e5
  image_picker_ios: 4f2f91b01abdb52842a8e277617df877e40f905b
  libwebp: 02b23773aedb6ff1fd38cec7a77b81414c6842a8
  Mantle: c5aa8794a29a022dfbbfc9799af95f477a69b62d
  native_file_preview: aa2f3258b5cb1415eac0f4b86ee2b90e45e39d27
  OrderedSet: e539b66b644ff081c73a262d24ad552a69be3a94
  package_info_plus: c0502532a26c7662a62a356cebe2692ec5fe4ec4
  path_provider_foundation: 0b743cbb62d8e47eab856f09262bb8c1ddcfe6ba
  permission_handler_apple: 9878588469a2b0d0fc1e048d9f43605f92e6cec2
  photo_manager: 647b6f5c5057632e2d00e2921c6ce3437ded57a9
  record_ios: 840d21cce013c5a3b2168b74a54ebdb4136359e2
  SDWebImage: e9c98383c7572d713c1a0d7dd2783b10599b9838
  SDWebImageWebPCoder: 0e06e365080397465cc73a7a9b472d8a3bd0f377
  shared_preferences_foundation: 5086985c1d43c5ba4d5e69a4e8083a389e2909e6
  speech_to_text: 87bf9298952e8d9073be1b6aade6d5758db5170c
  sqflite_darwin: 5a7236e3b501866c1c9befc6771dfd73ffb8702d
  SwiftyGif: 706c60cf65fa2bc5ee0313beece843c8eb8194d4
  url_launcher_ios: bb13df5870e8c4234ca12609d04010a21be43dfa
  vibration: 8e4d81c3e73ab229a9fb5ab2692f789c4a46d74d
  video_player_avfoundation: 7993f492ae0bd77edaea24d9dc051d8bb2cd7c86
  ZXSDK: 786338c0a18e98e03eda00699c3bfd2700b97117

PODFILE CHECKSUM: 7ca8de4b014163baec93150474a403b81d4c65bb

COCOAPODS: 1.16.2
